
Microsoft Visual Studio Solution File, Format Version 12.00
Project("{FAE04EC0-301F-11D3-BF4B-00C04F79EFBC}") = "API", "API\API.csproj", "{EE269AE0-E786-4169-AA4C-CD8E4F84C4D4}"
	ProjectSection(ProjectDependencies) = postProject
		{FBFD2B87-F15D-408B-99A7-E446527ADB2E} = {FBFD2B87-F15D-408B-99A7-E446527ADB2E}
	EndProjectSection
EndProject
Project("{FAE04EC0-301F-11D3-BF4B-00C04F79EFBC}") = "Application", "Application\Application.csproj", "{C7E3E200-E6FA-4E87-A294-8B9D3EE3B843}"
EndProject
Project("{FAE04EC0-301F-11D3-BF4B-00C04F79EFBC}") = "Business", "Business\Business.csproj", "{3009875C-8A02-4920-924A-5E4D417FE399}"
EndProject
Project("{2150E333-8FDC-42A3-9474-1A3956D46DE8}") = "Infrastructure", "Infrastructure", "{E60D013D-1C1C-431F-A57B-235E1C03ACC9}"
EndProject
Project("{FAE04EC0-301F-11D3-BF4B-00C04F79EFBC}") = "DatabaseByEntityFramework", "DatabaseByEntityFramework\DatabaseByEntityFramework.csproj", "{FBFD2B87-F15D-408B-99A7-E446527ADB2E}"
EndProject
Project("{2150E333-8FDC-42A3-9474-1A3956D46DE8}") = "Tests", "Tests", "{2892CF9A-C543-4927-9D88-2CA018940F23}"
EndProject
Project("{FAE04EC0-301F-11D3-BF4B-00C04F79EFBC}") = "BusinessTests", "BusinessTests\BusinessTests.csproj", "{C4AA45D2-2F2A-4B65-ADA1-46E12071069E}"
EndProject
Project("{FAE04EC0-301F-11D3-BF4B-00C04F79EFBC}") = "ApplicationTests", "ApplicationTests\ApplicationTests.csproj", "{0B293FE9-FF09-4DE9-AD79-20CDCFA4428A}"
EndProject
Project("{FAE04EC0-301F-11D3-BF4B-00C04F79EFBC}") = "HashingBySha1", "HashingBySha1\HashingBySha1.csproj", "{4D407EA8-D78E-4ABF-A782-DA84F0E72C2D}"
EndProject
Project("{FAE04EC0-301F-11D3-BF4B-00C04F79EFBC}") = "AuthorizationAccessTokenViaJwt", "AuthorizationAccessTokenViaJwt\AuthorizationAccessTokenViaJwt.csproj", "{582BE99D-032B-4D7A-9738-41CB74FB813D}"
EndProject
Project("{FAE04EC0-301F-11D3-BF4B-00C04F79EFBC}") = "TokenGeneratorViaBase64", "TokenGeneratorViaBase64\TokenGeneratorViaBase64.csproj", "{32851896-F821-4CC5-B912-FFAC708691AC}"
EndProject
Project("{FAE04EC0-301F-11D3-BF4B-00C04F79EFBC}") = "EmailViaSdk", "EmailViaSdk\EmailViaSdk.csproj", "{C7605A3B-CD9F-4140-93CB-E6FC0AF24129}"
EndProject
Project("{FAE04EC0-301F-11D3-BF4B-00C04F79EFBC}") = "TokenGeneratorViaAES", "TokenGeneratorViaAES\TokenGeneratorViaAES.csproj", "{7CA5D9D3-E14D-43FA-A83B-6DE7CDB472E3}"
EndProject
Project("{FAE04EC0-301F-11D3-BF4B-00C04F79EFBC}") = "QueriesViaDapper", "QueriesViaDapper\QueriesViaDapper.csproj", "{3C0CE984-6EE7-4453-A390-DD8281A416D3}"
EndProject
Global
	GlobalSection(SolutionConfigurationPlatforms) = preSolution
		Debug|Any CPU = Debug|Any CPU
		Release|Any CPU = Release|Any CPU
	EndGlobalSection
	GlobalSection(ProjectConfigurationPlatforms) = postSolution
		{EE269AE0-E786-4169-AA4C-CD8E4F84C4D4}.Debug|Any CPU.ActiveCfg = Debug|Any CPU
		{EE269AE0-E786-4169-AA4C-CD8E4F84C4D4}.Debug|Any CPU.Build.0 = Debug|Any CPU
		{EE269AE0-E786-4169-AA4C-CD8E4F84C4D4}.Release|Any CPU.ActiveCfg = Release|Any CPU
		{EE269AE0-E786-4169-AA4C-CD8E4F84C4D4}.Release|Any CPU.Build.0 = Release|Any CPU
		{C7E3E200-E6FA-4E87-A294-8B9D3EE3B843}.Debug|Any CPU.ActiveCfg = Debug|Any CPU
		{C7E3E200-E6FA-4E87-A294-8B9D3EE3B843}.Debug|Any CPU.Build.0 = Debug|Any CPU
		{C7E3E200-E6FA-4E87-A294-8B9D3EE3B843}.Release|Any CPU.ActiveCfg = Release|Any CPU
		{C7E3E200-E6FA-4E87-A294-8B9D3EE3B843}.Release|Any CPU.Build.0 = Release|Any CPU
		{3009875C-8A02-4920-924A-5E4D417FE399}.Debug|Any CPU.ActiveCfg = Debug|Any CPU
		{3009875C-8A02-4920-924A-5E4D417FE399}.Debug|Any CPU.Build.0 = Debug|Any CPU
		{3009875C-8A02-4920-924A-5E4D417FE399}.Release|Any CPU.ActiveCfg = Release|Any CPU
		{3009875C-8A02-4920-924A-5E4D417FE399}.Release|Any CPU.Build.0 = Release|Any CPU
		{FBFD2B87-F15D-408B-99A7-E446527ADB2E}.Debug|Any CPU.ActiveCfg = Debug|Any CPU
		{FBFD2B87-F15D-408B-99A7-E446527ADB2E}.Debug|Any CPU.Build.0 = Debug|Any CPU
		{FBFD2B87-F15D-408B-99A7-E446527ADB2E}.Release|Any CPU.ActiveCfg = Release|Any CPU
		{FBFD2B87-F15D-408B-99A7-E446527ADB2E}.Release|Any CPU.Build.0 = Release|Any CPU
		{C4AA45D2-2F2A-4B65-ADA1-46E12071069E}.Debug|Any CPU.ActiveCfg = Debug|Any CPU
		{C4AA45D2-2F2A-4B65-ADA1-46E12071069E}.Debug|Any CPU.Build.0 = Debug|Any CPU
		{C4AA45D2-2F2A-4B65-ADA1-46E12071069E}.Release|Any CPU.ActiveCfg = Release|Any CPU
		{C4AA45D2-2F2A-4B65-ADA1-46E12071069E}.Release|Any CPU.Build.0 = Release|Any CPU
		{0B293FE9-FF09-4DE9-AD79-20CDCFA4428A}.Debug|Any CPU.ActiveCfg = Debug|Any CPU
		{0B293FE9-FF09-4DE9-AD79-20CDCFA4428A}.Debug|Any CPU.Build.0 = Debug|Any CPU
		{0B293FE9-FF09-4DE9-AD79-20CDCFA4428A}.Release|Any CPU.ActiveCfg = Release|Any CPU
		{0B293FE9-FF09-4DE9-AD79-20CDCFA4428A}.Release|Any CPU.Build.0 = Release|Any CPU
		{4D407EA8-D78E-4ABF-A782-DA84F0E72C2D}.Debug|Any CPU.ActiveCfg = Debug|Any CPU
		{4D407EA8-D78E-4ABF-A782-DA84F0E72C2D}.Debug|Any CPU.Build.0 = Debug|Any CPU
		{4D407EA8-D78E-4ABF-A782-DA84F0E72C2D}.Release|Any CPU.ActiveCfg = Release|Any CPU
		{4D407EA8-D78E-4ABF-A782-DA84F0E72C2D}.Release|Any CPU.Build.0 = Release|Any CPU
		{582BE99D-032B-4D7A-9738-41CB74FB813D}.Debug|Any CPU.ActiveCfg = Debug|Any CPU
		{582BE99D-032B-4D7A-9738-41CB74FB813D}.Debug|Any CPU.Build.0 = Debug|Any CPU
		{582BE99D-032B-4D7A-9738-41CB74FB813D}.Release|Any CPU.ActiveCfg = Release|Any CPU
		{582BE99D-032B-4D7A-9738-41CB74FB813D}.Release|Any CPU.Build.0 = Release|Any CPU
		{32851896-F821-4CC5-B912-FFAC708691AC}.Debug|Any CPU.ActiveCfg = Debug|Any CPU
		{32851896-F821-4CC5-B912-FFAC708691AC}.Debug|Any CPU.Build.0 = Debug|Any CPU
		{32851896-F821-4CC5-B912-FFAC708691AC}.Release|Any CPU.ActiveCfg = Release|Any CPU
		{32851896-F821-4CC5-B912-FFAC708691AC}.Release|Any CPU.Build.0 = Release|Any CPU
		{C7605A3B-CD9F-4140-93CB-E6FC0AF24129}.Debug|Any CPU.ActiveCfg = Debug|Any CPU
		{C7605A3B-CD9F-4140-93CB-E6FC0AF24129}.Debug|Any CPU.Build.0 = Debug|Any CPU
		{C7605A3B-CD9F-4140-93CB-E6FC0AF24129}.Release|Any CPU.ActiveCfg = Release|Any CPU
		{C7605A3B-CD9F-4140-93CB-E6FC0AF24129}.Release|Any CPU.Build.0 = Release|Any CPU
		{7CA5D9D3-E14D-43FA-A83B-6DE7CDB472E3}.Debug|Any CPU.ActiveCfg = Debug|Any CPU
		{7CA5D9D3-E14D-43FA-A83B-6DE7CDB472E3}.Debug|Any CPU.Build.0 = Debug|Any CPU
		{7CA5D9D3-E14D-43FA-A83B-6DE7CDB472E3}.Release|Any CPU.ActiveCfg = Release|Any CPU
		{7CA5D9D3-E14D-43FA-A83B-6DE7CDB472E3}.Release|Any CPU.Build.0 = Release|Any CPU
		{3C0CE984-6EE7-4453-A390-DD8281A416D3}.Debug|Any CPU.ActiveCfg = Debug|Any CPU
		{3C0CE984-6EE7-4453-A390-DD8281A416D3}.Debug|Any CPU.Build.0 = Debug|Any CPU
		{3C0CE984-6EE7-4453-A390-DD8281A416D3}.Release|Any CPU.ActiveCfg = Release|Any CPU
		{3C0CE984-6EE7-4453-A390-DD8281A416D3}.Release|Any CPU.Build.0 = Release|Any CPU
	EndGlobalSection
	GlobalSection(NestedProjects) = preSolution
		{FBFD2B87-F15D-408B-99A7-E446527ADB2E} = {E60D013D-1C1C-431F-A57B-235E1C03ACC9}
		{C4AA45D2-2F2A-4B65-ADA1-46E12071069E} = {2892CF9A-C543-4927-9D88-2CA018940F23}
		{0B293FE9-FF09-4DE9-AD79-20CDCFA4428A} = {2892CF9A-C543-4927-9D88-2CA018940F23}
		{4D407EA8-D78E-4ABF-A782-DA84F0E72C2D} = {E60D013D-1C1C-431F-A57B-235E1C03ACC9}
		{582BE99D-032B-4D7A-9738-41CB74FB813D} = {E60D013D-1C1C-431F-A57B-235E1C03ACC9}
		{32851896-F821-4CC5-B912-FFAC708691AC} = {E60D013D-1C1C-431F-A57B-235E1C03ACC9}
		{C7605A3B-CD9F-4140-93CB-E6FC0AF24129} = {E60D013D-1C1C-431F-A57B-235E1C03ACC9}
		{7CA5D9D3-E14D-43FA-A83B-6DE7CDB472E3} = {E60D013D-1C1C-431F-A57B-235E1C03ACC9}
		{3C0CE984-6EE7-4453-A390-DD8281A416D3} = {E60D013D-1C1C-431F-A57B-235E1C03ACC9}
	EndGlobalSection
EndGlobal
